Microsoft Visual Studio Solution File, Format Version 11.00
# Visual Studio 2008

Project("{2D555B0F-14F8-C6BB-E1D7-95A6F8904B1F}") = "BugBury", "Assembly-CSharp.csproj", "{27437C28-82AC-F0A3-88AC-8184DD5147BE}"
EndProject
Project("{2D555B0F-14F8-C6BB-E1D7-95A6F8904B1F}") = "BugBury", "Assembly-CSharp-Editor.csproj", "{841A85FD-6D80-DA36-19C8-A01051067497}"
EndProject
Global
	GlobalSection(SolutionConfigurationPlatforms) = preSolution
		Debug|Any CPU = Debug|Any CPU
		Release|Any CPU = Release|Any CPU
	EndGlobalSection
	GlobalSection(ProjectConfigurationPlatforms) = postSolution
		{27437C28-82AC-F0A3-88AC-8184DD5147BE}.Debug|Any CPU.ActiveCfg = Debug|Any CPU
		{27437C28-82AC-F0A3-88AC-8184DD5147BE}.Debug|Any CPU.Build.0 = Debug|Any CPU
		{27437C28-82AC-F0A3-88AC-8184DD5147BE}.Release|Any CPU.ActiveCfg = Release|Any CPU
		{27437C28-82AC-F0A3-88AC-8184DD5147BE}.Release|Any CPU.Build.0 = Release|Any CPU
		{841A85FD-6D80-DA36-19C8-A01051067497}.Debug|Any CPU.ActiveCfg = Debug|Any CPU
		{841A85FD-6D80-DA36-19C8-A01051067497}.Debug|Any CPU.Build.0 = Debug|Any CPU
		{841A85FD-6D80-DA36-19C8-A01051067497}.Release|Any CPU.ActiveCfg = Release|Any CPU
		{841A85FD-6D80-DA36-19C8-A01051067497}.Release|Any CPU.Build.0 = Release|Any CPU
	EndGlobalSection
	GlobalSection(SolutionProperties) = preSolution
		HideSolutionNode = FALSE
	EndGlobalSection
	GlobalSection(MonoDevelopProperties) = preSolution
		StartupItem = Assembly-CSharp.csproj
	EndGlobalSection
EndGlobal
